// !$*UTF8*$!
{
	archiveVersion = 1;
	classes = {
	};
	objectVersion = 50;
	objects = {

/* Begin PBXBuildFile section */
		298C595C24A68C85006080AB /* AppDelegate.swift in Sources */ = {isa = PBXBuildFile; fileRef = 298C595B24A68C85006080AB /* AppDelegate.swift */; };
		298C596024A68C85006080AB /* QuoteViewController.swift in Sources */ = {isa = PBXBuildFile; fileRef = 298C595F24A68C85006080AB /* QuoteViewController.swift */; };
		298C596324A68C85006080AB /* Main.storyboard in Resources */ = {isa = PBXBuildFile; fileRef = 298C596124A68C85006080AB /* Main.storyboard */; };
		298C596524A68C9F006080AB /* Assets.xcassets in Resources */ = {isa = PBXBuildFile; fileRef = 298C596424A68C9F006080AB /* Assets.xcassets */; };
		298C596824A68C9F006080AB /* LaunchScreen.storyboard in Resources */ = {isa = PBXBuildFile; fileRef = 298C596624A68C9F006080AB /* LaunchScreen.storyboard */; };
		298C597024A68CF4006080AB /* Quote.swift in Sources */ = {isa = PBXBuildFile; fileRef = 298C596F24A68CF4006080AB /* Quote.swift */; };
		298C597224A68E66006080AB /* QuoteManger.swift in Sources */ = {isa = PBXBuildFile; fileRef = 298C597124A68E66006080AB /* QuoteManger.swift */; };
		298C597424A68EEA006080AB /* Constant.swift in Sources */ = {isa = PBXBuildFile; fileRef = 298C597324A68EEA006080AB /* Constant.swift */; };
		298C597624A6AE6D006080AB /* QuoteTableViewController.swift in Sources */ = {isa = PBXBuildFile; fileRef = 298C597524A6AE6D006080AB /* QuoteTableViewController.swift */; };
		298C597824A6B1A4006080AB /* QuoteCell.swift in Sources */ = {isa = PBXBuildFile; fileRef = 298C597724A6B1A4006080AB /* QuoteCell.swift */; };
/* End PBXBuildFile section */

/* Begin PBXFileReference section */
		298C595824A68C85006080AB /* RandomQuote.app */ = {isa = PBXFileReference; explicitFileType = wrapper.application; includeInIndex = 0; path = RandomQuote.app; sourceTree = BUILT_PRODUCTS_DIR; };
		298C595B24A68C85006080AB /* AppDelegate.swift */ = {isa = PBXFileReference; lastKnownFileType = sourcecode.swift; path = AppDelegate.swift; sourceTree = "<group>"; };
		298C595F24A68C85006080AB /* QuoteViewController.swift */ = {isa = PBXFileReference; lastKnownFileType = sourcecode.swift; path = QuoteViewController.swift; sourceTree = "<group>"; };
		298C596224A68C85006080AB /* Base */ = {isa = PBXFileReference; lastKnownFileType = file.storyboard; name = Base; path = Base.lproj/Main.storyboard; sourceTree = "<group>"; };
		298C596424A68C9F006080AB /* Assets.xcassets */ = {isa = PBXFileReference; lastKnownFileType = folder.assetcatalog; path = Assets.xcassets; sourceTree = "<group>"; };
		298C596724A68C9F006080AB /* Base */ = {isa = PBXFileReference; lastKnownFileType = file.storyboard; name = Base; path = Base.lproj/LaunchScreen.storyboard; sourceTree = "<group>"; };
		298C596924A68C9F006080AB /* Info.plist */ = {isa = PBXFileReference; lastKnownFileType = text.plist.xml; path = Info.plist; sourceTree = "<group>"; };
		298C596F24A68CF4006080AB /* Quote.swift */ = {isa = PBXFileReference; lastKnownFileType = sourcecode.swift; path = Quote.swift; sourceTree = "<group>"; };
		298C597124A68E66006080AB /* QuoteManger.swift */ = {isa = PBXFileReference; lastKnownFileType = sourcecode.swift; path = QuoteManger.swift; sourceTree = "<group>"; };
		298C597324A68EEA006080AB /* Constant.swift */ = {isa = PBXFileReference; lastKnownFileType = sourcecode.swift; path = Constant.swift; sourceTree = "<group>"; };
		298C597524A6AE6D006080AB /* QuoteTableViewController.swift */ = {isa = PBXFileReference; lastKnownFileType = sourcecode.swift; path = QuoteTableViewController.swift; sourceTree = "<group>"; };
		298C597724A6B1A4006080AB /* QuoteCell.swift */ = {isa = PBXFileReference; lastKnownFileType = sourcecode.swift; path = QuoteCell.swift; sourceTree = "<group>"; };
/* End PBXFileReference section */

/* Begin PBXFrameworksBuildPhase section */
		298C595524A68C85006080AB /* Frameworks */ = {
			isa = PBXFrameworksBuildPhase;
			buildActionMask = 2147483647;
			files = (
			);
			runOnlyForDeploymentPostprocessing = 0;
		};
/* End PBXFrameworksBuildPhase section */

/* Begin PBXGroup section */
		298C594F24A68C85006080AB = {
			isa = PBXGroup;
			children = (
				298C595A24A68C85006080AB /* RandomQuote */,
				298C595924A68C85006080AB /* Products */,
			);
			sourceTree = "<group>";
		};
		298C595924A68C85006080AB /* Products */ = {
			isa = PBXGroup;
			children = (
				298C595824A68C85006080AB /* RandomQuote.app */,
			);
			name = Products;
			sourceTree = "<group>";
		};
		298C595A24A68C85006080AB /* RandomQuote */ = {
			isa = PBXGroup;
			children = (
				298C595B24A68C85006080AB /* AppDelegate.swift */,
				298C597C24A6C7E7006080AB /* controller */,
				298C597A24A6C709006080AB /* model */,
				298C597924A6C6AA006080AB /* constant */,
				298C597B24A6C7D6006080AB /* view */,
				298C596424A68C9F006080AB /* Assets.xcassets */,
				298C596924A68C9F006080AB /* Info.plist */,
			);
			path = RandomQuote;
			sourceTree = "<group>";
		};
		298C597924A6C6AA006080AB /* constant */ = {
			isa = PBXGroup;
			children = (
				298C597324A68EEA006080AB /* Constant.swift */,
			);
			path = constant;
			sourceTree = "<group>";
		};
		298C597A24A6C709006080AB /* model */ = {
			isa = PBXGroup;
			children = (
				298C596F24A68CF4006080AB /* Quote.swift */,
				298C597124A68E66006080AB /* QuoteManger.swift */,
			);
			path = model;
			sourceTree = "<group>";
		};
		298C597B24A6C7D6006080AB /* view */ = {
			isa = PBXGroup;
			children = (
				298C596124A68C85006080AB /* Main.storyboard */,
				298C596624A68C9F006080AB /* LaunchScreen.storyboard */,
			);
			path = view;
			sourceTree = "<group>";
		};
		298C597C24A6C7E7006080AB /* controller */ = {
			isa = PBXGroup;
			children = (
				298C595F24A68C85006080AB /* QuoteViewController.swift */,
				298C597524A6AE6D006080AB /* QuoteTableViewController.swift */,
				298C597724A6B1A4006080AB /* QuoteCell.swift */,
			);
			path = controller;
			sourceTree = "<group>";
		};
/* End PBXGroup section */

/* Begin PBXNativeTarget section */
		298C595724A68C85006080AB /* RandomQuote */ = {
			isa = PBXNativeTarget;
			buildConfigurationList = 298C596C24A68C9F006080AB /* Build configuration list for PBXNativeTarget "RandomQuote" */;
			buildPhases = (
				298C595424A68C85006080AB /* Sources */,
				298C595524A68C85006080AB /* Frameworks */,
				298C595624A68C85006080AB /* Resources */,
			);
			buildRules = (
			);
			dependencies = (
			);
			name = RandomQuote;
			productName = RandomQuote;
			productReference = 298C595824A68C85006080AB /* RandomQuote.app */;
			productType = "com.apple.product-type.application";
		};
/* End PBXNativeTarget section */

/* Begin PBXProject section */
		298C595024A68C85006080AB /* Project object */ = {
			isa = PBXProject;
			attributes = {
				LastSwiftUpdateCheck = 1140;
				LastUpgradeCheck = 1140;
				TargetAttributes = {
					298C595724A68C85006080AB = {
						CreatedOnToolsVersion = 11.4.1;
					};
				};
			};
			buildConfigurationList = 298C595324A68C85006080AB /* Build configuration list for PBXProject "RandomQuote" */;
			compatibilityVersion = "Xcode 9.3";
			developmentRegion = en;
			hasScannedForEncodings = 0;
			knownRegions = (
				en,
				Base,
			);
			mainGroup = 298C594F24A68C85006080AB;
			productRefGroup = 298C595924A68C85006080AB /* Products */;
			projectDirPath = "";
			projectRoot = "";
			targets = (
				298C595724A68C85006080AB /* RandomQuote */,
			);
		};
/* End PBXProject section */

/* Begin PBXResourcesBuildPhase section */
		298C595624A68C85006080AB /* Resources */ = {
			isa = PBXResourcesBuildPhase;
			buildActionMask = 2147483647;
			files = (
				298C596824A68C9F006080AB /* LaunchScreen.storyboard in Resources */,
				298C596524A68C9F006080AB /* Assets.xcassets in Resources */,
				298C596324A68C85006080AB /* Main.storyboard in Resources */,
			);
			runOnlyForDeploymentPostprocessing = 0;
		};
/* End PBXResourcesBuildPhase section */

/* Begin PBXSourcesBuildPhase section */
		298C595424A68C85006080AB /* Sources */ = {
			isa = PBXSourcesBuildPhase;
			buildActionMask = 2147483647;
			files = (
				298C597224A68E66006080AB /* QuoteManger.swift in Sources */,
				298C597024A68CF4006080AB /* Quote.swift in Sources */,
				298C596024A68C85006080AB /* QuoteViewController.swift in Sources */,
				298C595C24A68C85006080AB /* AppDelegate.swift in Sources */,
				298C597824A6B1A4006080AB /* QuoteCell.swift in Sources */,
				298C597624A6AE6D006080AB /* QuoteTableViewController.swift in Sources */,
				298C597424A68EEA006080AB /* Constant.swift in Sources */,
			);
			runOnlyForDeploymentPostprocessing = 0;
		};
/* End PBXSourcesBuildPhase section */

/* Begin PBXVariantGroup section */
		298C596124A68C85006080AB /* Main.storyboard */ = {
			isa = PBXVariantGroup;
			children = (
				298C596224A68C85006080AB /* Base */,
			);
			name = Main.storyboard;
			sourceTree = "<group>";
		};
		298C596624A68C9F006080AB /* LaunchScreen.storyboard */ = {
			isa = PBXVariantGroup;
			children = (
				298C596724A68C9F006080AB /* Base */,
			);
			name = LaunchScreen.storyboard;
			sourceTree = "<group>";
		};
/* End PBXVariantGroup section */

/* Begin XCBuildConfiguration section */
		298C596A24A68C9F006080AB /* Debug */ = {
			isa = XCBuildConfiguration;
			buildSettings = {
				ALWAYS_SEARCH_USER_PATHS = NO;
				CLANG_ANALYZER_NONNULL = YES;
				CLANG_ANALYZER_NUMBER_OBJECT_CONVERSION = YES_AGGRESSIVE;
				CLANG_CXX_LANGUAGE_STANDARD = "gnu++14";
				CLANG_CXX_LIBRARY = "libc++";
				CLANG_ENABLE_MODULES = YES;
				CLANG_ENABLE_OBJC_ARC = YES;
				CLANG_ENABLE_OBJC_WEAK = YES;
				CLANG_WARN_BLOCK_CAPTURE_AUTORELEASING = YES;
				CLANG_WARN_BOOL_CONVERSION = YES;
				CLANG_WARN_COMMA = YES;
				CLANG_WARN_CONSTANT_CONVERSION = YES;
				CLANG_WARN_DEPRECATED_OBJC_IMPLEMENTATIONS = YES;
				CLANG_WARN_DIRECT_OBJC_ISA_USAGE = YES_ERROR;
				CLANG_WARN_DOCUMENTATION_COMMENTS = YES;
				CLANG_WARN_EMPTY_BODY = YES;
				CLANG_WARN_ENUM_CONVERSION = YES;
				CLANG_WARN_INFINITE_RECURSION = YES;
				CLANG_WARN_INT_CONVERSION = YES;
				CLANG_WARN_NON_LITERAL_NULL_CONVERSION = YES;
				CLANG_WARN_OBJC_IMPLICIT_RETAIN_SELF = YES;
				CLANG_WARN_OBJC_LITERAL_CONVERSION = YES;
				CLANG_WARN_OBJC_ROOT_CLASS = YES_ERROR;
				CLANG_WARN_RANGE_LOOP_ANALYSIS = YES;
				CLANG_WARN_STRICT_PROTOTYPES = YES;
				CLANG_WARN_SUSPICIOUS_MOVE = YES;
				CLANG_WARN_UNGUARDED_AVAILABILITY = YES_AGGRESSIVE;
				CLANG_WARN_UNREACHABLE_CODE = YES;
				CLANG_WARN__DUPLICATE_METHOD_MATCH = YES;
				COPY_PHASE_STRIP = NO;
				DEBUG_INFORMATION_FORMAT = dwarf;
				ENABLE_STRICT_OBJC_MSGSEND = YES;
				ENABLE_TESTABILITY = YES;
				GCC_C_LANGUAGE_STANDARD = gnu11;
				GCC_DYNAMIC_NO_PIC = NO;
				GCC_NO_COMMON_BLOCKS = YES;
				GCC_OPTIMIZATION_LEVEL = 0;
				GCC_PREPROCESSOR_DEFINITIONS = (
					"DEBUG=1",
					"$(inherited)",
				);
				GCC_WARN_64_TO_32_BIT_CONVERSION = YES;
				GCC_WARN_ABOUT_RETURN_TYPE = YES_ERROR;
				GCC_WARN_UNDECLARED_SELECTOR = YES;
				GCC_WARN_UNINITIALIZED_AUTOS = YES_AGGRESSIVE;
				GCC_WARN_UNUSED_FUNCTION = YES;
				GCC_WARN_UNUSED_VARIABLE = YES;
				IPHONEOS_DEPLOYMENT_TARGET = 11.0;
				MTL_ENABLE_DEBUG_INFO = INCLUDE_SOURCE;
				MTL_FAST_MATH = YES;
				ONLY_ACTIVE_ARCH = YES;
				SDKROOT = iphoneos;
				SWIFT_ACTIVE_COMPILATION_CONDITIONS = DEBUG;
				SWIFT_OPTIMIZATION_LEVEL = "-Onone";
			};
			name = Debug;
		};
		298C596B24A68C9F006080AB /* Release */ = {
			isa = XCBuildConfiguration;
			buildSettings = {
				ALWAYS_SEARCH_USER_PATHS = NO;
				CLANG_ANALYZER_NONNULL = YES;
				CLANG_ANALYZER_NUMBER_OBJECT_CONVERSION = YES_AGGRESSIVE;
				CLANG_CXX_LANGUAGE_STANDARD = "gnu++14";
				CLANG_CXX_LIBRARY = "libc++";
				CLANG_ENABLE_MODULES = YES;
				CLANG_ENABLE_OBJC_ARC = YES;
				CLANG_ENABLE_OBJC_WEAK = YES;
				CLANG_WARN_BLOCK_CAPTURE_AUTORELEASING = YES;
				CLANG_WARN_BOOL_CONVERSION = YES;
				CLANG_WARN_COMMA = YES;
				CLANG_WARN_CONSTANT_CONVERSION = YES;
				CLANG_WARN_DEPRECATED_OBJC_IMPLEMENTATIONS = YES;
				CLANG_WARN_DIRECT_OBJC_ISA_USAGE = YES_ERROR;
				CLANG_WARN_DOCUMENTATION_COMMENTS = YES;
				CLANG_WARN_EMPTY_BODY = YES;
				CLANG_WARN_ENUM_CONVERSION = YES;
				CLANG_WARN_INFINITE_RECURSION = YES;
				CLANG_WARN_INT_CONVERSION = YES;
				CLANG_WARN_NON_LITERAL_NULL_CONVERSION = YES;
				CLANG_WARN_OBJC_IMPLICIT_RETAIN_SELF = YES;
				CLANG_WARN_OBJC_LITERAL_CONVERSION = YES;
				CLANG_WARN_OBJC_ROOT_CLASS = YES_ERROR;
				CLANG_WARN_RANGE_LOOP_ANALYSIS = YES;
				CLANG_WARN_STRICT_PROTOTYPES = YES;
				CLANG_WARN_SUSPICIOUS_MOVE = YES;
				CLANG_WARN_UNGUARDED_AVAILABILITY = YES_AGGRESSIVE;
				CLANG_WARN_UNREACHABLE_CODE = YES;
				CLANG_WARN__DUPLICATE_METHOD_MATCH = YES;
				COPY_PHASE_STRIP = NO;
				DEBUG_INFORMATION_FORMAT = "dwarf-with-dsym";
				ENABLE_NS_ASSERTIONS = NO;
				ENABLE_STRICT_OBJC_MSGSEND = YES;
				GCC_C_LANGUAGE_STANDARD = gnu11;
				GCC_NO_COMMON_BLOCKS = YES;
				GCC_WARN_64_TO_32_BIT_CONVERSION = YES;
				GCC_WARN_ABOUT_RETURN_TYPE = YES_ERROR;
				GCC_WARN_UNDECLARED_SELECTOR = YES;
				GCC_WARN_UNINITIALIZED_AUTOS = YES_AGGRESSIVE;
				GCC_WARN_UNUSED_FUNCTION = YES;
				GCC_WARN_UNUSED_VARIABLE = YES;
				IPHONEOS_DEPLOYMENT_TARGET = 11.0;
				MTL_ENABLE_DEBUG_INFO = NO;
				MTL_FAST_MATH = YES;
				SDKROOT = iphoneos;
				SWIFT_COMPILATION_MODE = wholemodule;
				SWIFT_OPTIMIZATION_LEVEL = "-O";
				VALIDATE_PRODUCT = YES;
			};
			name = Release;
		};
		298C596D24A68C9F006080AB /* Debug */ = {
			isa = XCBuildConfiguration;
			buildSettings = {
				ASSETCATALOG_COMPILER_APPICON_NAME = AppIcon;
				CODE_SIGN_STYLE = Automatic;
				INFOPLIST_FILE = RandomQuote/Info.plist;
				LD_RUNPATH_SEARCH_PATHS = (
					"$(inherited)",
					"@executable_path/Frameworks",
				);
				PRODUCT_BUNDLE_IDENTIFIER = Wejdan.Alhussain.RandomQuote;
				PRODUCT_NAME = "$(TARGET_NAME)";
				SWIFT_VERSION = 5.0;
				TARGETED_DEVICE_FAMILY = "1,2";
			};
			name = Debug;
		};
		298C596E24A68C9F006080AB /* Release */ = {
			isa = XCBuildConfiguration;
			buildSettings = {
				ASSETCATALOG_COMPILER_APPICON_NAME = AppIcon;
				CODE_SIGN_STYLE = Automatic;
				INFOPLIST_FILE = RandomQuote/Info.plist;
				LD_RUNPATH_SEARCH_PATHS = (
					"$(inherited)",
					"@executable_path/Frameworks",
				);
				PRODUCT_BUNDLE_IDENTIFIER = Wejdan.Alhussain.RandomQuote;
				PRODUCT_NAME = "$(TARGET_NAME)";
				SWIFT_VERSION = 5.0;
				TARGETED_DEVICE_FAMILY = "1,2";
			};
			name = Release;
		};
/* End XCBuildConfiguration section */

/* Begin XCConfigurationList section */
		298C595324A68C85006080AB /* Build configuration list for PBXProject "RandomQuote" */ = {
			isa = XCConfigurationList;
			buildConfigurations = (
				298C596A24A68C9F006080AB /* Debug */,
				298C596B24A68C9F006080AB /* Release */,
			);
			defaultConfigurationIsVisible = 0;
			defaultConfigurationName = Release;
		};
		298C596C24A68C9F006080AB /* Build configuration list for PBXNativeTarget "RandomQuote" */ = {
			isa = XCConfigurationList;
			buildConfigurations = (
				298C596D24A68C9F006080AB /* Debug */,
				298C596E24A68C9F006080AB /* Release */,
			);
			defaultConfigurationIsVisible = 0;
			defaultConfigurationName = Release;
		};
/* End XCConfigurationList section */
	};
	rootObject = 298C595024A68C85006080AB /* Project object */;
}
